
Microsoft Visual Studio Solution File, Format Version 12.00
# Visual Studio Version 16
VisualStudioVersion = 16.0.29324.140
MinimumVisualStudioVersion = 10.0.40219.1
Project("{9A19103F-16F7-4668-BE54-9A1E7A4F7556}") = "Cosmic", "Cosmic\Cosmic.csproj", "{FA4B04E0-AD0D-4C9B-A4F6-61BCC58C1368}"
EndProject
Project("{FAE04EC0-301F-11D3-BF4B-00C04F79EFBC}") = "Cosmic.Docs", "Cosmic.Docs\Cosmic.Docs.csproj", "{CB28B562-749B-4ED1-BB68-117375FA4FFF}"
EndProject
Global
	GlobalSection(SolutionConfigurationPlatforms) = preSolution
		Debug|Any CPU = Debug|Any CPU
		Release|Any CPU = Release|Any CPU
	EndGlobalSection
	GlobalSection(ProjectConfigurationPlatforms) = postSolution
		{FA4B04E0-AD0D-4C9B-A4F6-61BCC58C1368}.Debug|Any CPU.ActiveCfg = Debug|Any CPU
		{FA4B04E0-AD0D-4C9B-A4F6-61BCC58C1368}.Debug|Any CPU.Build.0 = Debug|Any CPU
		{FA4B04E0-AD0D-4C9B-A4F6-61BCC58C1368}.Release|Any CPU.ActiveCfg = Release|Any CPU
		{FA4B04E0-AD0D-4C9B-A4F6-61BCC58C1368}.Release|Any CPU.Build.0 = Release|Any CPU
		{CB28B562-749B-4ED1-BB68-117375FA4FFF}.Debug|Any CPU.ActiveCfg = Debug|Any CPU
		{CB28B562-749B-4ED1-BB68-117375FA4FFF}.Debug|Any CPU.Build.0 = Debug|Any CPU
		{CB28B562-749B-4ED1-BB68-117375FA4FFF}.Release|Any CPU.ActiveCfg = Release|Any CPU
		{CB28B562-749B-4ED1-BB68-117375FA4FFF}.Release|Any CPU.Build.0 = Release|Any CPU
	EndGlobalSection
	GlobalSection(SolutionProperties) = preSolution
		HideSolutionNode = FALSE
	EndGlobalSection
	GlobalSection(ExtensibilityGlobals) = postSolution
		SolutionGuid = {9FC318E8-5201-4418-A6B6-5CCDD59F8ABD}
	EndGlobalSection
EndGlobal
